
Microsoft Visual Studio Solution File, Format Version 12.00
# Visual Studio Version 17
VisualStudioVersion = 17.3.32929.385
MinimumVisualStudioVersion = 10.0.40219.1
Project("{9A19103F-16F7-4668-BE54-9A1E7A4F7556}") = "Task1", "Task1\Task1.csproj", "{D2563EDC-57CB-430E-AECF-C8E3046E15C2}"
EndProject
Project("{FAE04EC0-301F-11D3-BF4B-00C04F79EFBC}") = "Task2", "Task2\Task2.csproj", "{296D025A-5A14-4827-BE2A-74FCFE9DDAED}"
EndProject
Global
	GlobalSection(SolutionConfigurationPlatforms) = preSolution
		Debug|Any CPU = Debug|Any CPU
		Release|Any CPU = Release|Any CPU
	EndGlobalSection
	GlobalSection(ProjectConfigurationPlatforms) = postSolution
		{D2563EDC-57CB-430E-AECF-C8E3046E15C2}.Debug|Any CPU.ActiveCfg = Debug|Any CPU
		{D2563EDC-57CB-430E-AECF-C8E3046E15C2}.Debug|Any CPU.Build.0 = Debug|Any CPU
		{D2563EDC-57CB-430E-AECF-C8E3046E15C2}.Release|Any CPU.ActiveCfg = Release|Any CPU
		{D2563EDC-57CB-430E-AECF-C8E3046E15C2}.Release|Any CPU.Build.0 = Release|Any CPU
		{296D025A-5A14-4827-BE2A-74FCFE9DDAED}.Debug|Any CPU.ActiveCfg = Debug|Any CPU
		{296D025A-5A14-4827-BE2A-74FCFE9DDAED}.Debug|Any CPU.Build.0 = Debug|Any CPU
		{296D025A-5A14-4827-BE2A-74FCFE9DDAED}.Release|Any CPU.ActiveCfg = Release|Any CPU
		{296D025A-5A14-4827-BE2A-74FCFE9DDAED}.Release|Any CPU.Build.0 = Release|Any CPU
	EndGlobalSection
	GlobalSection(SolutionProperties) = preSolution
		HideSolutionNode = FALSE
	EndGlobalSection
	GlobalSection(ExtensibilityGlobals) = postSolution
		SolutionGuid = {5C201D28-28E4-4E10-8963-1D4E6D7F595E}
	EndGlobalSection
EndGlobal
